// !$*UTF8*$!
{
	archiveVersion = 1;
	classes = {
	};
	objectVersion = 51;
	objects = {

/* Begin PBXBuildFile section */
		1525D4842129D5C400427042 /* AddItemViewController.swift in Sources */ = {isa = PBXBuildFile; fileRef = 1525D4832129D5C400427042 /* AddItemViewController.swift */; };
		1525D486212B202D00427042 /* ShoppingItemTableViewCell.swift in Sources */ = {isa = PBXBuildFile; fileRef = 1525D485212B202D00427042 /* ShoppingItemTableViewCell.swift */; };
		1525D488212D6CD800427042 /* SwipeTableViewHelpers.swift in Sources */ = {isa = PBXBuildFile; fileRef = 1525D487212D6CD800427042 /* SwipeTableViewHelpers.swift */; };
		1525D48A212EF47F00427042 /* Camera.swift in Sources */ = {isa = PBXBuildFile; fileRef = 1525D489212EF47F00427042 /* Camera.swift */; };
		1594D05B238660DB006B51B8 /* WelcomeViewController.swift in Sources */ = {isa = PBXBuildFile; fileRef = 1594D05A238660DB006B51B8 /* WelcomeViewController.swift */; };
		1594D05D2386A036006B51B8 /* FUser.swift in Sources */ = {isa = PBXBuildFile; fileRef = 1594D05C2386A036006B51B8 /* FUser.swift */; };
		1594D0612386A2CE006B51B8 /* CollectionReference.swift in Sources */ = {isa = PBXBuildFile; fileRef = 1594D0602386A2CE006B51B8 /* CollectionReference.swift */; };
		1594D0662386A434006B51B8 /* Badges.swift in Sources */ = {isa = PBXBuildFile; fileRef = 1594D0652386A434006B51B8 /* Badges.swift */; };
		1594D0682386A483006B51B8 /* Localizable.strings in Resources */ = {isa = PBXBuildFile; fileRef = 1594D0672386A483006B51B8 /* Localizable.strings */; };
		15C580E9212479940039AA36 /* AppDelegate.swift in Sources */ = {isa = PBXBuildFile; fileRef = 15C580E8212479940039AA36 /* AppDelegate.swift */; };
		15C580EE212479940039AA36 /* Main.storyboard in Resources */ = {isa = PBXBuildFile; fileRef = 15C580EC212479940039AA36 /* Main.storyboard */; };
		15C580F3212479960039AA36 /* LaunchScreen.storyboard in Resources */ = {isa = PBXBuildFile; fileRef = 15C580F1212479960039AA36 /* LaunchScreen.storyboard */; };
		15C580FB2125D88A0039AA36 /* GoogleService-Info.plist in Resources */ = {isa = PBXBuildFile; fileRef = 15C580FA2125D88A0039AA36 /* GoogleService-Info.plist */; };
		15C580FD2125E4F20039AA36 /* Assets.xcassets in Resources */ = {isa = PBXBuildFile; fileRef = 15C580FC2125E4F20039AA36 /* Assets.xcassets */; };
		15C580FF2125F9C00039AA36 /* AllListsViewController.swift in Sources */ = {isa = PBXBuildFile; fileRef = 15C580FE2125F9C00039AA36 /* AllListsViewController.swift */; };
		15C5810121270D390039AA36 /* ShoppingItemViewController.swift in Sources */ = {isa = PBXBuildFile; fileRef = 15C5810021270D390039AA36 /* ShoppingItemViewController.swift */; };
		15C58103212712BA0039AA36 /* ShoppingList.swift in Sources */ = {isa = PBXBuildFile; fileRef = 15C58102212712BA0039AA36 /* ShoppingList.swift */; };
		15C581052127154D0039AA36 /* Constants.swift in Sources */ = {isa = PBXBuildFile; fileRef = 15C581042127154D0039AA36 /* Constants.swift */; };
		15C58107212718820039AA36 /* Utilities.swift in Sources */ = {isa = PBXBuildFile; fileRef = 15C58106212718820039AA36 /* Utilities.swift */; };
		15C5810B21286C210039AA36 /* ListTableViewCell.swift in Sources */ = {isa = PBXBuildFile; fileRef = 15C5810A21286C210039AA36 /* ListTableViewCell.swift */; };
		15C5810E21287AA00039AA36 /* ShoppingItem.swift in Sources */ = {isa = PBXBuildFile; fileRef = 15C5810D21287AA00039AA36 /* ShoppingItem.swift */; };
		865938F32136FCC3009DF2F4 /* SearchItemViewController.swift in Sources */ = {isa = PBXBuildFile; fileRef = 865938F22136FCC3009DF2F4 /* SearchItemViewController.swift */; };
		865938F52136FDBB009DF2F4 /* GroceryItemTableViewCell.swift in Sources */ = {isa = PBXBuildFile; fileRef = 865938F42136FDBB009DF2F4 /* GroceryItemTableViewCell.swift */; };
		8689EB18238B123E00A3F7E1 /* HelperFunctions.swift in Sources */ = {isa = PBXBuildFile; fileRef = 8689EB17238B123E00A3F7E1 /* HelperFunctions.swift */; };
		868D7D6023564C9B005CAD93 /* GroceryItem.swift in Sources */ = {isa = PBXBuildFile; fileRef = 868D7D5F23564C9B005CAD93 /* GroceryItem.swift */; };
		86A9FC8C238AD84100481F5A /* FinishRegistrationViewController.swift in Sources */ = {isa = PBXBuildFile; fileRef = 86A9FC8B238AD84100481F5A /* FinishRegistrationViewController.swift */; };
		DF685E0BF69066DB1DFB045B /* Pods_RCLAPP.framework in Frameworks */ = {isa = PBXBuildFile; fileRef = 909C88FC6049581C8F1CF2B5 /* Pods_RCLAPP.framework */; };
/* End PBXBuildFile section */

/* Begin PBXFileReference section */
		1525D4832129D5C400427042 /* AddItemViewController.swift */ = {isa = PBXFileReference; lastKnownFileType = sourcecode.swift; path = AddItemViewController.swift; sourceTree = "<group>"; };
		1525D485212B202D00427042 /* ShoppingItemTableViewCell.swift */ = {isa = PBXFileReference; lastKnownFileType = sourcecode.swift; path = ShoppingItemTableViewCell.swift; sourceTree = "<group>"; };
		1525D487212D6CD800427042 /* SwipeTableViewHelpers.swift */ = {isa = PBXFileReference; lastKnownFileType = sourcecode.swift; path = SwipeTableViewHelpers.swift; sourceTree = "<group>"; };
		1525D489212EF47F00427042 /* Camera.swift */ = {isa = PBXFileReference; fileEncoding = 4; lastKnownFileType = sourcecode.swift; path = Camera.swift; sourceTree = "<group>"; };
		1594D05A238660DB006B51B8 /* WelcomeViewController.swift */ = {isa = PBXFileReference; lastKnownFileType = sourcecode.swift; path = WelcomeViewController.swift; sourceTree = "<group>"; };
		1594D05C2386A036006B51B8 /* FUser.swift */ = {isa = PBXFileReference; lastKnownFileType = sourcecode.swift; path = FUser.swift; sourceTree = "<group>"; };
		1594D0602386A2CE006B51B8 /* CollectionReference.swift */ = {isa = PBXFileReference; lastKnownFileType = sourcecode.swift; path = CollectionReference.swift; sourceTree = "<group>"; };
		1594D0652386A434006B51B8 /* Badges.swift */ = {isa = PBXFileReference; lastKnownFileType = sourcecode.swift; path = Badges.swift; sourceTree = "<group>"; };
		1594D0672386A483006B51B8 /* Localizable.strings */ = {isa = PBXFileReference; fileEncoding = 4; lastKnownFileType = text.plist.strings; name = Localizable.strings; path = ../../../../../../Downloads/Localizable.strings; sourceTree = "<group>"; };
		15C580E5212479940039AA36 /* Listah.app */ = {isa = PBXFileReference; explicitFileType = wrapper.application; includeInIndex = 0; path = Listah.app; sourceTree = BUILT_PRODUCTS_DIR; };
		15C580E8212479940039AA36 /* AppDelegate.swift */ = {isa = PBXFileReference; lastKnownFileType = sourcecode.swift; path = AppDelegate.swift; sourceTree = "<group>"; };
		15C580ED212479940039AA36 /* Base */ = {isa = PBXFileReference; lastKnownFileType = file.storyboard; name = Base; path = Base.lproj/Main.storyboard; sourceTree = "<group>"; };
		15C580F2212479960039AA36 /* Base */ = {isa = PBXFileReference; lastKnownFileType = file.storyboard; name = Base; path = Base.lproj/LaunchScreen.storyboard; sourceTree = "<group>"; };
		15C580F4212479960039AA36 /* Info.plist */ = {isa = PBXFileReference; lastKnownFileType = text.plist.xml; path = Info.plist; sourceTree = "<group>"; };
		15C580FA2125D88A0039AA36 /* GoogleService-Info.plist */ = {isa = PBXFileReference; fileEncoding = 4; lastKnownFileType = text.plist.xml; path = "GoogleService-Info.plist"; sourceTree = "<group>"; };
		15C580FC2125E4F20039AA36 /* Assets.xcassets */ = {isa = PBXFileReference; lastKnownFileType = folder.assetcatalog; path = Assets.xcassets; sourceTree = "<group>"; };
		15C580FE2125F9C00039AA36 /* AllListsViewController.swift */ = {isa = PBXFileReference; lastKnownFileType = sourcecode.swift; path = AllListsViewController.swift; sourceTree = "<group>"; };
		15C5810021270D390039AA36 /* ShoppingItemViewController.swift */ = {isa = PBXFileReference; lastKnownFileType = sourcecode.swift; path = ShoppingItemViewController.swift; sourceTree = "<group>"; };
		15C58102212712BA0039AA36 /* ShoppingList.swift */ = {isa = PBXFileReference; lastKnownFileType = sourcecode.swift; path = ShoppingList.swift; sourceTree = "<group>"; };
		15C581042127154D0039AA36 /* Constants.swift */ = {isa = PBXFileReference; lastKnownFileType = sourcecode.swift; path = Constants.swift; sourceTree = "<group>"; };
		15C58106212718820039AA36 /* Utilities.swift */ = {isa = PBXFileReference; lastKnownFileType = sourcecode.swift; path = Utilities.swift; sourceTree = "<group>"; };
		15C5810A21286C210039AA36 /* ListTableViewCell.swift */ = {isa = PBXFileReference; lastKnownFileType = sourcecode.swift; path = ListTableViewCell.swift; sourceTree = "<group>"; };
		15C5810D21287AA00039AA36 /* ShoppingItem.swift */ = {isa = PBXFileReference; lastKnownFileType = sourcecode.swift; path = ShoppingItem.swift; sourceTree = "<group>"; };
		564423FF07EF58A3087044FA /* Pods-RCLAPP.debug.xcconfig */ = {isa = PBXFileReference; includeInIndex = 1; lastKnownFileType = text.xcconfig; name = "Pods-RCLAPP.debug.xcconfig"; path = "Pods/Target Support Files/Pods-RCLAPP/Pods-RCLAPP.debug.xcconfig"; sourceTree = "<group>"; };
		68F97D7A6C9DB7256F849B77 /* Pods-RCLAPP.release.xcconfig */ = {isa = PBXFileReference; includeInIndex = 1; lastKnownFileType = text.xcconfig; name = "Pods-RCLAPP.release.xcconfig"; path = "Pods/Target Support Files/Pods-RCLAPP/Pods-RCLAPP.release.xcconfig"; sourceTree = "<group>"; };
		865938F22136FCC3009DF2F4 /* SearchItemViewController.swift */ = {isa = PBXFileReference; lastKnownFileType = sourcecode.swift; path = SearchItemViewController.swift; sourceTree = "<group>"; };
		865938F42136FDBB009DF2F4 /* GroceryItemTableViewCell.swift */ = {isa = PBXFileReference; lastKnownFileType = sourcecode.swift; path = GroceryItemTableViewCell.swift; sourceTree = "<group>"; };
		8689EB17238B123E00A3F7E1 /* HelperFunctions.swift */ = {isa = PBXFileReference; fileEncoding = 4; lastKnownFileType = sourcecode.swift; name = HelperFunctions.swift; path = RCLAPP/Helpers/HelperFunctions.swift; sourceTree = SOURCE_ROOT; };
		868D7D5F23564C9B005CAD93 /* GroceryItem.swift */ = {isa = PBXFileReference; lastKnownFileType = sourcecode.swift; path = GroceryItem.swift; sourceTree = "<group>"; };
		86A9FC8B238AD84100481F5A /* FinishRegistrationViewController.swift */ = {isa = PBXFileReference; lastKnownFileType = sourcecode.swift; path = FinishRegistrationViewController.swift; sourceTree = "<group>"; };
		909C88FC6049581C8F1CF2B5 /* Pods_RCLAPP.framework */ = {isa = PBXFileReference; explicitFileType = wrapper.framework; includeInIndex = 0; path = Pods_RCLAPP.framework; sourceTree = BUILT_PRODUCTS_DIR; };
/* End PBXFileReference section */

/* Begin PBXFrameworksBuildPhase section */
		15C580E2212479940039AA36 /* Frameworks */ = {
			isa = PBXFrameworksBuildPhase;
			buildActionMask = 2147483647;
			files = (
				DF685E0BF69066DB1DFB045B /* Pods_RCLAPP.framework in Frameworks */,
			);
			runOnlyForDeploymentPostprocessing = 0;
		};
/* End PBXFrameworksBuildPhase section */

/* Begin PBXGroup section */
		1594D05923866040006B51B8 /* ChatView */ = {
			isa = PBXGroup;
			children = (
				1594D05A238660DB006B51B8 /* WelcomeViewController.swift */,
				86A9FC8B238AD84100481F5A /* FinishRegistrationViewController.swift */,
				1594D0622386A34A006B51B8 /* Helpers */,
			);
			path = ChatView;
			sourceTree = "<group>";
		};
		1594D0622386A34A006B51B8 /* Helpers */ = {
			isa = PBXGroup;
			children = (
				8689EB17238B123E00A3F7E1 /* HelperFunctions.swift */,
				1594D0672386A483006B51B8 /* Localizable.strings */,
				1594D05C2386A036006B51B8 /* FUser.swift */,
				1594D0652386A434006B51B8 /* Badges.swift */,
				1594D0602386A2CE006B51B8 /* CollectionReference.swift */,
			);
			path = Helpers;
			sourceTree = "<group>";
		};
		15C580DC212479940039AA36 = {
			isa = PBXGroup;
			children = (
				15C580E7212479940039AA36 /* RCLAPP */,
				15C580E6212479940039AA36 /* Products */,
				6383672FAA926CE378083C55 /* Pods */,
				4303D66EF8F4EC03783D6FEA /* Frameworks */,
			);
			sourceTree = "<group>";
		};
		15C580E6212479940039AA36 /* Products */ = {
			isa = PBXGroup;
			children = (
				15C580E5212479940039AA36 /* Listah.app */,
			);
			name = Products;
			sourceTree = "<group>";
		};
		15C580E7212479940039AA36 /* RCLAPP */ = {
			isa = PBXGroup;
			children = (
				1594D05923866040006B51B8 /* ChatView */,
				15C580E8212479940039AA36 /* AppDelegate.swift */,
				865938F12136FC7A009DF2F4 /* ShoppingView */,
				1525D4832129D5C400427042 /* AddItemViewController.swift */,
				865938F22136FCC3009DF2F4 /* SearchItemViewController.swift */,
				15C5810C212878BE0039AA36 /* CustomCell */,
				15C581082127364E0039AA36 /* Model */,
				15C581092127365A0039AA36 /* Helpers */,
				15C580EC212479940039AA36 /* Main.storyboard */,
				15C580FC2125E4F20039AA36 /* Assets.xcassets */,
				15C580F1212479960039AA36 /* LaunchScreen.storyboard */,
				15C580F4212479960039AA36 /* Info.plist */,
				15C580FA2125D88A0039AA36 /* GoogleService-Info.plist */,
			);
			path = RCLAPP;
			sourceTree = "<group>";
		};
		15C581082127364E0039AA36 /* Model */ = {
			isa = PBXGroup;
			children = (
				15C58102212712BA0039AA36 /* ShoppingList.swift */,
				15C5810D21287AA00039AA36 /* ShoppingItem.swift */,
				868D7D5F23564C9B005CAD93 /* GroceryItem.swift */,
			);
			path = Model;
			sourceTree = "<group>";
		};
		15C581092127365A0039AA36 /* Helpers */ = {
			isa = PBXGroup;
			children = (
				15C581042127154D0039AA36 /* Constants.swift */,
				1525D489212EF47F00427042 /* Camera.swift */,
				15C58106212718820039AA36 /* Utilities.swift */,
				1525D487212D6CD800427042 /* SwipeTableViewHelpers.swift */,
			);
			path = Helpers;
			sourceTree = "<group>";
		};
		15C5810C212878BE0039AA36 /* CustomCell */ = {
			isa = PBXGroup;
			children = (
				15C5810A21286C210039AA36 /* ListTableViewCell.swift */,
				1525D485212B202D00427042 /* ShoppingItemTableViewCell.swift */,
				865938F42136FDBB009DF2F4 /* GroceryItemTableViewCell.swift */,
			);
			path = CustomCell;
			sourceTree = "<group>";
		};
		4303D66EF8F4EC03783D6FEA /* Frameworks */ = {
			isa = PBXGroup;
			children = (
				909C88FC6049581C8F1CF2B5 /* Pods_RCLAPP.framework */,
			);
			name = Frameworks;
			sourceTree = "<group>";
		};
		6383672FAA926CE378083C55 /* Pods */ = {
			isa = PBXGroup;
			children = (
				564423FF07EF58A3087044FA /* Pods-RCLAPP.debug.xcconfig */,
				68F97D7A6C9DB7256F849B77 /* Pods-RCLAPP.release.xcconfig */,
			);
			name = Pods;
			sourceTree = "<group>";
		};
		865938F12136FC7A009DF2F4 /* ShoppingView */ = {
			isa = PBXGroup;
			children = (
				15C580FE2125F9C00039AA36 /* AllListsViewController.swift */,
				15C5810021270D390039AA36 /* ShoppingItemViewController.swift */,
			);
			path = ShoppingView;
			sourceTree = "<group>";
		};
/* End PBXGroup section */

/* Begin PBXNativeTarget section */
		15C580E4212479940039AA36 /* RCLAPP */ = {
			isa = PBXNativeTarget;
			buildConfigurationList = 15C580F7212479960039AA36 /* Build configuration list for PBXNativeTarget "RCLAPP" */;
			buildPhases = (
				3870FE8E81607D4B9950962F /* [CP] Check Pods Manifest.lock */,
				15C580E1212479940039AA36 /* Sources */,
				15C580E2212479940039AA36 /* Frameworks */,
				15C580E3212479940039AA36 /* Resources */,
				5E4CCAA66D6EA6B744AAFECF /* [CP] Embed Pods Frameworks */,
			);
			buildRules = (
			);
			dependencies = (
			);
			name = RCLAPP;
			productName = RCLAPP;
			productReference = 15C580E5212479940039AA36 /* Listah.app */;
			productType = "com.apple.product-type.application";
		};
/* End PBXNativeTarget section */

/* Begin PBXProject section */
		15C580DD212479940039AA36 /* Project object */ = {
			isa = PBXProject;
			attributes = {
				LastSwiftUpdateCheck = 0940;
				LastUpgradeCheck = 0940;
				ORGANIZATIONNAME = "UCarrot Software & Design";
				TargetAttributes = {
					15C580E4212479940039AA36 = {
						CreatedOnToolsVersion = 9.4.1;
						LastSwiftMigration = 1120;
					};
				};
			};
			buildConfigurationList = 15C580E0212479940039AA36 /* Build configuration list for PBXProject "RCLAPP" */;
			compatibilityVersion = "Xcode 9.3";
			developmentRegion = en;
			hasScannedForEncodings = 0;
			knownRegions = (
				en,
				Base,
			);
			mainGroup = 15C580DC212479940039AA36;
			productRefGroup = 15C580E6212479940039AA36 /* Products */;
			projectDirPath = "";
			projectRoot = "";
			targets = (
				15C580E4212479940039AA36 /* RCLAPP */,
			);
		};
/* End PBXProject section */

/* Begin PBXResourcesBuildPhase section */
		15C580E3212479940039AA36 /* Resources */ = {
			isa = PBXResourcesBuildPhase;
			buildActionMask = 2147483647;
			files = (
				1594D0682386A483006B51B8 /* Localizable.strings in Resources */,
				15C580F3212479960039AA36 /* LaunchScreen.storyboard in Resources */,
				15C580FB2125D88A0039AA36 /* GoogleService-Info.plist in Resources */,
				15C580FD2125E4F20039AA36 /* Assets.xcassets in Resources */,
				15C580EE212479940039AA36 /* Main.storyboard in Resources */,
			);
			runOnlyForDeploymentPostprocessing = 0;
		};
/* End PBXResourcesBuildPhase section */

/* Begin PBXShellScriptBuildPhase section */
		3870FE8E81607D4B9950962F /* [CP] Check Pods Manifest.lock */ = {
			isa = PBXShellScriptBuildPhase;
			buildActionMask = 2147483647;
			files = (
			);
			inputPaths = (
				"${PODS_PODFILE_DIR_PATH}/Podfile.lock",
				"${PODS_ROOT}/Manifest.lock",
			);
			name = "[CP] Check Pods Manifest.lock";
			outputPaths = (
				"$(DERIVED_FILE_DIR)/Pods-RCLAPP-checkManifestLockResult.txt",
			);
			runOnlyForDeploymentPostprocessing = 0;
			shellPath = /bin/sh;
			shellScript = "diff \"${PODS_PODFILE_DIR_PATH}/Podfile.lock\" \"${PODS_ROOT}/Manifest.lock\" > /dev/null\nif [ $? != 0 ] ; then\n    # print error to STDERR\n    echo \"error: The sandbox is not in sync with the Podfile.lock. Run 'pod install' or update your CocoaPods installation.\" >&2\n    exit 1\nfi\n# This output is used by Xcode 'outputs' to avoid re-running this script phase.\necho \"SUCCESS\" > \"${SCRIPT_OUTPUT_FILE_0}\"\n";
			showEnvVarsInLog = 0;
		};
		5E4CCAA66D6EA6B744AAFECF /* [CP] Embed Pods Frameworks */ = {
			isa = PBXShellScriptBuildPhase;
			buildActionMask = 2147483647;
			files = (
			);
			inputFileListPaths = (
				"${PODS_ROOT}/Target Support Files/Pods-RCLAPP/Pods-RCLAPP-frameworks-${CONFIGURATION}-input-files.xcfilelist",
			);
			name = "[CP] Embed Pods Frameworks";
			outputFileListPaths = (
				"${PODS_ROOT}/Target Support Files/Pods-RCLAPP/Pods-RCLAPP-frameworks-${CONFIGURATION}-output-files.xcfilelist",
			);
			runOnlyForDeploymentPostprocessing = 0;
			shellPath = /bin/sh;
			shellScript = "\"${PODS_ROOT}/Target Support Files/Pods-RCLAPP/Pods-RCLAPP-frameworks.sh\"\n";
			showEnvVarsInLog = 0;
		};
/* End PBXShellScriptBuildPhase section */

/* Begin PBXSourcesBuildPhase section */
		15C580E1212479940039AA36 /* Sources */ = {
			isa = PBXSourcesBuildPhase;
			buildActionMask = 2147483647;
			files = (
				86A9FC8C238AD84100481F5A /* FinishRegistrationViewController.swift in Sources */,
				15C5810B21286C210039AA36 /* ListTableViewCell.swift in Sources */,
				1594D05B238660DB006B51B8 /* WelcomeViewController.swift in Sources */,
				15C58107212718820039AA36 /* Utilities.swift in Sources */,
				1594D05D2386A036006B51B8 /* FUser.swift in Sources */,
				15C581052127154D0039AA36 /* Constants.swift in Sources */,
				15C5810121270D390039AA36 /* ShoppingItemViewController.swift in Sources */,
				15C5810E21287AA00039AA36 /* ShoppingItem.swift in Sources */,
				865938F32136FCC3009DF2F4 /* SearchItemViewController.swift in Sources */,
				1594D0662386A434006B51B8 /* Badges.swift in Sources */,
				1525D4842129D5C400427042 /* AddItemViewController.swift in Sources */,
				1525D486212B202D00427042 /* ShoppingItemTableViewCell.swift in Sources */,
				865938F52136FDBB009DF2F4 /* GroceryItemTableViewCell.swift in Sources */,
				1525D488212D6CD800427042 /* SwipeTableViewHelpers.swift in Sources */,
				8689EB18238B123E00A3F7E1 /* HelperFunctions.swift in Sources */,
				1525D48A212EF47F00427042 /* Camera.swift in Sources */,
				15C58103212712BA0039AA36 /* ShoppingList.swift in Sources */,
				15C580FF2125F9C00039AA36 /* AllListsViewController.swift in Sources */,
				868D7D6023564C9B005CAD93 /* GroceryItem.swift in Sources */,
				15C580E9212479940039AA36 /* AppDelegate.swift in Sources */,
				1594D0612386A2CE006B51B8 /* CollectionReference.swift in Sources */,
			);
			runOnlyForDeploymentPostprocessing = 0;
		};
/* End PBXSourcesBuildPhase section */

/* Begin PBXVariantGroup section */
		15C580EC212479940039AA36 /* Main.storyboard */ = {
			isa = PBXVariantGroup;
			children = (
				15C580ED212479940039AA36 /* Base */,
			);
			name = Main.storyboard;
			sourceTree = "<group>";
		};
		15C580F1212479960039AA36 /* LaunchScreen.storyboard */ = {
			isa = PBXVariantGroup;
			children = (
				15C580F2212479960039AA36 /* Base */,
			);
			name = LaunchScreen.storyboard;
			sourceTree = "<group>";
		};
/* End PBXVariantGroup section */

/* Begin XCBuildConfiguration section */
		15C580F5212479960039AA36 /* Debug */ = {
			isa = XCBuildConfiguration;
			buildSettings = {
				ALWAYS_SEARCH_USER_PATHS = NO;
				CLANG_ANALYZER_NONNULL = YES;
				CLANG_ANALYZER_NUMBER_OBJECT_CONVERSION = YES_AGGRESSIVE;
				CLANG_CXX_LANGUAGE_STANDARD = "gnu++14";
				CLANG_CXX_LIBRARY = "libc++";
				CLANG_ENABLE_MODULES = YES;
				CLANG_ENABLE_OBJC_ARC = YES;
				CLANG_ENABLE_OBJC_WEAK = YES;
				CLANG_WARN_BLOCK_CAPTURE_AUTORELEASING = YES;
				CLANG_WARN_BOOL_CONVERSION = YES;
				CLANG_WARN_COMMA = YES;
				CLANG_WARN_CONSTANT_CONVERSION = YES;
				CLANG_WARN_DEPRECATED_OBJC_IMPLEMENTATIONS = YES;
				CLANG_WARN_DIRECT_OBJC_ISA_USAGE = YES_ERROR;
				CLANG_WARN_DOCUMENTATION_COMMENTS = YES;
				CLANG_WARN_EMPTY_BODY = YES;
				CLANG_WARN_ENUM_CONVERSION = YES;
				CLANG_WARN_INFINITE_RECURSION = YES;
				CLANG_WARN_INT_CONVERSION = YES;
				CLANG_WARN_NON_LITERAL_NULL_CONVERSION = YES;
				CLANG_WARN_OBJC_IMPLICIT_RETAIN_SELF = YES;
				CLANG_WARN_OBJC_LITERAL_CONVERSION = YES;
				CLANG_WARN_OBJC_ROOT_CLASS = YES_ERROR;
				CLANG_WARN_RANGE_LOOP_ANALYSIS = YES;
				CLANG_WARN_STRICT_PROTOTYPES = YES;
				CLANG_WARN_SUSPICIOUS_MOVE = YES;
				CLANG_WARN_UNGUARDED_AVAILABILITY = YES_AGGRESSIVE;
				CLANG_WARN_UNREACHABLE_CODE = YES;
				CLANG_WARN__DUPLICATE_METHOD_MATCH = YES;
				CODE_SIGN_IDENTITY = "iPhone Developer";
				COPY_PHASE_STRIP = NO;
				DEBUG_INFORMATION_FORMAT = dwarf;
				ENABLE_STRICT_OBJC_MSGSEND = YES;
				ENABLE_TESTABILITY = YES;
				GCC_C_LANGUAGE_STANDARD = gnu11;
				GCC_DYNAMIC_NO_PIC = NO;
				GCC_NO_COMMON_BLOCKS = YES;
				GCC_OPTIMIZATION_LEVEL = 0;
				GCC_PREPROCESSOR_DEFINITIONS = (
					"DEBUG=1",
					"$(inherited)",
				);
				GCC_WARN_64_TO_32_BIT_CONVERSION = YES;
				GCC_WARN_ABOUT_RETURN_TYPE = YES_ERROR;
				GCC_WARN_UNDECLARED_SELECTOR = YES;
				GCC_WARN_UNINITIALIZED_AUTOS = YES_AGGRESSIVE;
				GCC_WARN_UNUSED_FUNCTION = YES;
				GCC_WARN_UNUSED_VARIABLE = YES;
				IPHONEOS_DEPLOYMENT_TARGET = 11.4;
				MTL_ENABLE_DEBUG_INFO = YES;
				ONLY_ACTIVE_ARCH = YES;
				SDKROOT = iphoneos;
				SWIFT_ACTIVE_COMPILATION_CONDITIONS = DEBUG;
				SWIFT_OPTIMIZATION_LEVEL = "-Onone";
			};
			name = Debug;
		};
		15C580F6212479960039AA36 /* Release */ = {
			isa = XCBuildConfiguration;
			buildSettings = {
				ALWAYS_SEARCH_USER_PATHS = NO;
				CLANG_ANALYZER_NONNULL = YES;
				CLANG_ANALYZER_NUMBER_OBJECT_CONVERSION = YES_AGGRESSIVE;
				CLANG_CXX_LANGUAGE_STANDARD = "gnu++14";
				CLANG_CXX_LIBRARY = "libc++";
				CLANG_ENABLE_MODULES = YES;
				CLANG_ENABLE_OBJC_ARC = YES;
				CLANG_ENABLE_OBJC_WEAK = YES;
				CLANG_WARN_BLOCK_CAPTURE_AUTORELEASING = YES;
				CLANG_WARN_BOOL_CONVERSION = YES;
				CLANG_WARN_COMMA = YES;
				CLANG_WARN_CONSTANT_CONVERSION = YES;
				CLANG_WARN_DEPRECATED_OBJC_IMPLEMENTATIONS = YES;
				CLANG_WARN_DIRECT_OBJC_ISA_USAGE = YES_ERROR;
				CLANG_WARN_DOCUMENTATION_COMMENTS = YES;
				CLANG_WARN_EMPTY_BODY = YES;
				CLANG_WARN_ENUM_CONVERSION = YES;
				CLANG_WARN_INFINITE_RECURSION = YES;
				CLANG_WARN_INT_CONVERSION = YES;
				CLANG_WARN_NON_LITERAL_NULL_CONVERSION = YES;
				CLANG_WARN_OBJC_IMPLICIT_RETAIN_SELF = YES;
				CLANG_WARN_OBJC_LITERAL_CONVERSION = YES;
				CLANG_WARN_OBJC_ROOT_CLASS = YES_ERROR;
				CLANG_WARN_RANGE_LOOP_ANALYSIS = YES;
				CLANG_WARN_STRICT_PROTOTYPES = YES;
				CLANG_WARN_SUSPICIOUS_MOVE = YES;
				CLANG_WARN_UNGUARDED_AVAILABILITY = YES_AGGRESSIVE;
				CLANG_WARN_UNREACHABLE_CODE = YES;
				CLANG_WARN__DUPLICATE_METHOD_MATCH = YES;
				CODE_SIGN_IDENTITY = "iPhone Developer";
				COPY_PHASE_STRIP = NO;
				DEBUG_INFORMATION_FORMAT = "dwarf-with-dsym";
				ENABLE_NS_ASSERTIONS = NO;
				ENABLE_STRICT_OBJC_MSGSEND = YES;
				GCC_C_LANGUAGE_STANDARD = gnu11;
				GCC_NO_COMMON_BLOCKS = YES;
				GCC_WARN_64_TO_32_BIT_CONVERSION = YES;
				GCC_WARN_ABOUT_RETURN_TYPE = YES_ERROR;
				GCC_WARN_UNDECLARED_SELECTOR = YES;
				GCC_WARN_UNINITIALIZED_AUTOS = YES_AGGRESSIVE;
				GCC_WARN_UNUSED_FUNCTION = YES;
				GCC_WARN_UNUSED_VARIABLE = YES;
				IPHONEOS_DEPLOYMENT_TARGET = 11.4;
				MTL_ENABLE_DEBUG_INFO = NO;
				SDKROOT = iphoneos;
				SWIFT_COMPILATION_MODE = wholemodule;
				SWIFT_OPTIMIZATION_LEVEL = "-O";
				VALIDATE_PRODUCT = YES;
			};
			name = Release;
		};
		15C580F8212479960039AA36 /* Debug */ = {
			isa = XCBuildConfiguration;
			baseConfigurationReference = 564423FF07EF58A3087044FA /* Pods-RCLAPP.debug.xcconfig */;
			buildSettings = {
				ASSETCATALOG_COMPILER_APPICON_NAME = AppIcon;
				CODE_SIGN_STYLE = Automatic;
				DEVELOPMENT_TEAM = U32UPCLP4N;
				INFOPLIST_FILE = RCLAPP/Info.plist;
				LD_RUNPATH_SEARCH_PATHS = (
					"$(inherited)",
					"@executable_path/Frameworks",
				);
				PRODUCT_BUNDLE_IDENTIFIER = com.ucarrot.RCLAPP;
				PRODUCT_NAME = Listah;
				SWIFT_VERSION = 5.0;
				TARGETED_DEVICE_FAMILY = "1,2";
			};
			name = Debug;
		};
		15C580F9212479960039AA36 /* Release */ = {
			isa = XCBuildConfiguration;
			baseConfigurationReference = 68F97D7A6C9DB7256F849B77 /* Pods-RCLAPP.release.xcconfig */;
			buildSettings = {
				ASSETCATALOG_COMPILER_APPICON_NAME = AppIcon;
				CODE_SIGN_STYLE = Automatic;
				DEVELOPMENT_TEAM = U32UPCLP4N;
				INFOPLIST_FILE = RCLAPP/Info.plist;
				LD_RUNPATH_SEARCH_PATHS = (
					"$(inherited)",
					"@executable_path/Frameworks",
				);
				PRODUCT_BUNDLE_IDENTIFIER = com.ucarrot.RCLAPP;
				PRODUCT_NAME = Listah;
				SWIFT_VERSION = 5.0;
				TARGETED_DEVICE_FAMILY = "1,2";
			};
			name = Release;
		};
/* End XCBuildConfiguration section */

/* Begin XCConfigurationList section */
		15C580E0212479940039AA36 /* Build configuration list for PBXProject "RCLAPP" */ = {
			isa = XCConfigurationList;
			buildConfigurations = (
				15C580F5212479960039AA36 /* Debug */,
				15C580F6212479960039AA36 /* Release */,
			);
			defaultConfigurationIsVisible = 0;
			defaultConfigurationName = Release;
		};
		15C580F7212479960039AA36 /* Build configuration list for PBXNativeTarget "RCLAPP" */ = {
			isa = XCConfigurationList;
			buildConfigurations = (
				15C580F8212479960039AA36 /* Debug */,
				15C580F9212479960039AA36 /* Release */,
			);
			defaultConfigurationIsVisible = 0;
			defaultConfigurationName = Release;
		};
/* End XCConfigurationList section */
	};
	rootObject = 15C580DD212479940039AA36 /* Project object */;
}
